
Microsoft Visual Studio Solution File, Format Version 12.00
# Visual Studio 15
Project("{FAE04EC0-301F-11D3-BF4B-00C04F79EFBC}") = "Adobe.AEPAssurance.Android", "Adobe.AEPAssurance.Android\Adobe.AEPAssurance.Android.csproj", "{DAD402DB-7DD1-4E2F-8999-D224A181271F}"
EndProject
Project("{FAE04EC0-301F-11D3-BF4B-00C04F79EFBC}") = "Adobe.AEPAssurance.iOS", "Adobe.AEPAssurance.iOS\Adobe.AEPAssurance.iOS.csproj", "{DCFDE2E3-D172-4C08-8177-4F0EA95A7EFF}"
EndProject
Project("{FAE04EC0-301F-11D3-BF4B-00C04F79EFBC}") = "AEPAssuranceiOSUnitTests", "AEPAssuranceiOSUnitTests\AEPAssuranceiOSUnitTests.csproj", "{F0E903A3-D66A-4C2B-98D6-95349540D3D7}"
EndProject
Project("{FAE04EC0-301F-11D3-BF4B-00C04F79EFBC}") = "AEPAssuranceAndroidUnitTests", "AEPAssuranceAndroidUnitTests\AEPAssuranceAndroidUnitTests.csproj", "{2AEE8D28-BDD4-4116-97A6-8CA0E1240421}"
EndProject
Project("{FAE04EC0-301F-11D3-BF4B-00C04F79EFBC}") = "AEPAssuranceTestApp", "AEPAssuranceTestApp\AEPAssuranceTestApp.csproj", "{0BE3C20D-867B-400C-BCA7-4B0BB42E4866}"
EndProject
Project("{FAE04EC0-301F-11D3-BF4B-00C04F79EFBC}") = "AEPAssuranceTestApp.Android", "AEPAssuranceTestApp.Android\AEPAssuranceTestApp.Android.csproj", "{0E4B8CD8-E0EB-4B83-8DAC-D24794C06ACF}"
EndProject
Project("{FAE04EC0-301F-11D3-BF4B-00C04F79EFBC}") = "AEPAssuranceTestApp.iOS", "AEPAssuranceTestApp.iOS\AEPAssuranceTestApp.iOS.csproj", "{7FAC4550-17AD-4BE5-B0F5-661D4132A2C8}"
EndProject
Global
	GlobalSection(SolutionConfigurationPlatforms) = preSolution
		Debug|Any CPU = Debug|Any CPU
		Release|Any CPU = Release|Any CPU
		Debug|iPhoneSimulator = Debug|iPhoneSimulator
		Release|iPhoneSimulator = Release|iPhoneSimulator
		Debug|iPhone = Debug|iPhone
		Release|iPhone = Release|iPhone
	EndGlobalSection
	GlobalSection(ProjectConfigurationPlatforms) = postSolution
		{3C874DB6-EA8E-44C2-AB86-3CB770A9A4A1}.Debug|Any CPU.ActiveCfg = Debug|Any CPU
		{3C874DB6-EA8E-44C2-AB86-3CB770A9A4A1}.Debug|Any CPU.Build.0 = Debug|Any CPU
		{3C874DB6-EA8E-44C2-AB86-3CB770A9A4A1}.Release|Any CPU.ActiveCfg = Release|Any CPU
		{3C874DB6-EA8E-44C2-AB86-3CB770A9A4A1}.Release|Any CPU.Build.0 = Release|Any CPU
		{3C874DB6-EA8E-44C2-AB86-3CB770A9A4A1}.Debug|iPhoneSimulator.ActiveCfg = Debug|Any CPU
		{3C874DB6-EA8E-44C2-AB86-3CB770A9A4A1}.Debug|iPhoneSimulator.Build.0 = Debug|Any CPU
		{3C874DB6-EA8E-44C2-AB86-3CB770A9A4A1}.Release|iPhoneSimulator.ActiveCfg = Release|Any CPU
		{3C874DB6-EA8E-44C2-AB86-3CB770A9A4A1}.Release|iPhoneSimulator.Build.0 = Release|Any CPU
		{3C874DB6-EA8E-44C2-AB86-3CB770A9A4A1}.Debug|iPhone.ActiveCfg = Debug|Any CPU
		{3C874DB6-EA8E-44C2-AB86-3CB770A9A4A1}.Debug|iPhone.Build.0 = Debug|Any CPU
		{3C874DB6-EA8E-44C2-AB86-3CB770A9A4A1}.Release|iPhone.ActiveCfg = Release|Any CPU
		{3C874DB6-EA8E-44C2-AB86-3CB770A9A4A1}.Release|iPhone.Build.0 = Release|Any CPU
		{DAD402DB-7DD1-4E2F-8999-D224A181271F}.Debug|Any CPU.ActiveCfg = Debug|Any CPU
		{DAD402DB-7DD1-4E2F-8999-D224A181271F}.Debug|Any CPU.Build.0 = Debug|Any CPU
		{DAD402DB-7DD1-4E2F-8999-D224A181271F}.Release|Any CPU.ActiveCfg = Release|Any CPU
		{DAD402DB-7DD1-4E2F-8999-D224A181271F}.Release|Any CPU.Build.0 = Release|Any CPU
		{DAD402DB-7DD1-4E2F-8999-D224A181271F}.Debug|iPhoneSimulator.ActiveCfg = Debug|Any CPU
		{DAD402DB-7DD1-4E2F-8999-D224A181271F}.Debug|iPhoneSimulator.Build.0 = Debug|Any CPU
		{DAD402DB-7DD1-4E2F-8999-D224A181271F}.Release|iPhoneSimulator.ActiveCfg = Release|Any CPU
		{DAD402DB-7DD1-4E2F-8999-D224A181271F}.Release|iPhoneSimulator.Build.0 = Release|Any CPU
		{DAD402DB-7DD1-4E2F-8999-D224A181271F}.Debug|iPhone.ActiveCfg = Debug|Any CPU
		{DAD402DB-7DD1-4E2F-8999-D224A181271F}.Debug|iPhone.Build.0 = Debug|Any CPU
		{DAD402DB-7DD1-4E2F-8999-D224A181271F}.Release|iPhone.ActiveCfg = Release|Any CPU
		{DAD402DB-7DD1-4E2F-8999-D224A181271F}.Release|iPhone.Build.0 = Release|Any CPU
		{DCFDE2E3-D172-4C08-8177-4F0EA95A7EFF}.Debug|Any CPU.ActiveCfg = Debug|Any CPU
		{DCFDE2E3-D172-4C08-8177-4F0EA95A7EFF}.Debug|Any CPU.Build.0 = Debug|Any CPU
		{DCFDE2E3-D172-4C08-8177-4F0EA95A7EFF}.Release|Any CPU.ActiveCfg = Release|Any CPU
		{DCFDE2E3-D172-4C08-8177-4F0EA95A7EFF}.Release|Any CPU.Build.0 = Release|Any CPU
		{DCFDE2E3-D172-4C08-8177-4F0EA95A7EFF}.Debug|iPhoneSimulator.ActiveCfg = Debug|Any CPU
		{DCFDE2E3-D172-4C08-8177-4F0EA95A7EFF}.Debug|iPhoneSimulator.Build.0 = Debug|Any CPU
		{DCFDE2E3-D172-4C08-8177-4F0EA95A7EFF}.Release|iPhoneSimulator.ActiveCfg = Release|Any CPU
		{DCFDE2E3-D172-4C08-8177-4F0EA95A7EFF}.Release|iPhoneSimulator.Build.0 = Release|Any CPU
		{DCFDE2E3-D172-4C08-8177-4F0EA95A7EFF}.Debug|iPhone.ActiveCfg = Debug|Any CPU
		{DCFDE2E3-D172-4C08-8177-4F0EA95A7EFF}.Debug|iPhone.Build.0 = Debug|Any CPU
		{DCFDE2E3-D172-4C08-8177-4F0EA95A7EFF}.Release|iPhone.ActiveCfg = Release|Any CPU
		{DCFDE2E3-D172-4C08-8177-4F0EA95A7EFF}.Release|iPhone.Build.0 = Release|Any CPU
		{F0E903A3-D66A-4C2B-98D6-95349540D3D7}.Debug|Any CPU.ActiveCfg = Debug|iPhoneSimulator
		{F0E903A3-D66A-4C2B-98D6-95349540D3D7}.Debug|Any CPU.Build.0 = Debug|iPhoneSimulator
		{F0E903A3-D66A-4C2B-98D6-95349540D3D7}.Release|Any CPU.ActiveCfg = Release|iPhoneSimulator
		{F0E903A3-D66A-4C2B-98D6-95349540D3D7}.Release|Any CPU.Build.0 = Release|iPhoneSimulator
		{F0E903A3-D66A-4C2B-98D6-95349540D3D7}.Debug|iPhoneSimulator.ActiveCfg = Debug|iPhoneSimulator
		{F0E903A3-D66A-4C2B-98D6-95349540D3D7}.Debug|iPhoneSimulator.Build.0 = Debug|iPhoneSimulator
		{F0E903A3-D66A-4C2B-98D6-95349540D3D7}.Release|iPhoneSimulator.ActiveCfg = Release|iPhoneSimulator
		{F0E903A3-D66A-4C2B-98D6-95349540D3D7}.Release|iPhoneSimulator.Build.0 = Release|iPhoneSimulator
		{F0E903A3-D66A-4C2B-98D6-95349540D3D7}.Debug|iPhone.ActiveCfg = Debug|iPhone
		{F0E903A3-D66A-4C2B-98D6-95349540D3D7}.Debug|iPhone.Build.0 = Debug|iPhone
		{F0E903A3-D66A-4C2B-98D6-95349540D3D7}.Release|iPhone.ActiveCfg = Release|iPhone
		{F0E903A3-D66A-4C2B-98D6-95349540D3D7}.Release|iPhone.Build.0 = Release|iPhone
		{2AEE8D28-BDD4-4116-97A6-8CA0E1240421}.Debug|Any CPU.ActiveCfg = Debug|Any CPU
		{2AEE8D28-BDD4-4116-97A6-8CA0E1240421}.Debug|Any CPU.Build.0 = Debug|Any CPU
		{2AEE8D28-BDD4-4116-97A6-8CA0E1240421}.Release|Any CPU.ActiveCfg = Release|Any CPU
		{2AEE8D28-BDD4-4116-97A6-8CA0E1240421}.Release|Any CPU.Build.0 = Release|Any CPU
		{2AEE8D28-BDD4-4116-97A6-8CA0E1240421}.Debug|iPhoneSimulator.ActiveCfg = Debug|Any CPU
		{2AEE8D28-BDD4-4116-97A6-8CA0E1240421}.Debug|iPhoneSimulator.Build.0 = Debug|Any CPU
		{2AEE8D28-BDD4-4116-97A6-8CA0E1240421}.Release|iPhoneSimulator.ActiveCfg = Release|Any CPU
		{2AEE8D28-BDD4-4116-97A6-8CA0E1240421}.Release|iPhoneSimulator.Build.0 = Release|Any CPU
		{2AEE8D28-BDD4-4116-97A6-8CA0E1240421}.Debug|iPhone.ActiveCfg = Debug|Any CPU
		{2AEE8D28-BDD4-4116-97A6-8CA0E1240421}.Debug|iPhone.Build.0 = Debug|Any CPU
		{2AEE8D28-BDD4-4116-97A6-8CA0E1240421}.Release|iPhone.ActiveCfg = Release|Any CPU
		{2AEE8D28-BDD4-4116-97A6-8CA0E1240421}.Release|iPhone.Build.0 = Release|Any CPU
		{0BE3C20D-867B-400C-BCA7-4B0BB42E4866}.Debug|Any CPU.ActiveCfg = Debug|Any CPU
		{0BE3C20D-867B-400C-BCA7-4B0BB42E4866}.Debug|Any CPU.Build.0 = Debug|Any CPU
		{0BE3C20D-867B-400C-BCA7-4B0BB42E4866}.Release|Any CPU.ActiveCfg = Release|Any CPU
		{0BE3C20D-867B-400C-BCA7-4B0BB42E4866}.Release|Any CPU.Build.0 = Release|Any CPU
		{0BE3C20D-867B-400C-BCA7-4B0BB42E4866}.Debug|iPhoneSimulator.ActiveCfg = Debug|Any CPU
		{0BE3C20D-867B-400C-BCA7-4B0BB42E4866}.Debug|iPhoneSimulator.Build.0 = Debug|Any CPU
		{0BE3C20D-867B-400C-BCA7-4B0BB42E4866}.Release|iPhoneSimulator.ActiveCfg = Release|Any CPU
		{0BE3C20D-867B-400C-BCA7-4B0BB42E4866}.Release|iPhoneSimulator.Build.0 = Release|Any CPU
		{0BE3C20D-867B-400C-BCA7-4B0BB42E4866}.Debug|iPhone.ActiveCfg = Debug|Any CPU
		{0BE3C20D-867B-400C-BCA7-4B0BB42E4866}.Debug|iPhone.Build.0 = Debug|Any CPU
		{0BE3C20D-867B-400C-BCA7-4B0BB42E4866}.Release|iPhone.ActiveCfg = Release|Any CPU
		{0BE3C20D-867B-400C-BCA7-4B0BB42E4866}.Release|iPhone.Build.0 = Release|Any CPU
		{0E4B8CD8-E0EB-4B83-8DAC-D24794C06ACF}.Debug|Any CPU.ActiveCfg = Debug|Any CPU
		{0E4B8CD8-E0EB-4B83-8DAC-D24794C06ACF}.Debug|Any CPU.Build.0 = Debug|Any CPU
		{0E4B8CD8-E0EB-4B83-8DAC-D24794C06ACF}.Release|Any CPU.ActiveCfg = Release|Any CPU
		{0E4B8CD8-E0EB-4B83-8DAC-D24794C06ACF}.Release|Any CPU.Build.0 = Release|Any CPU
		{0E4B8CD8-E0EB-4B83-8DAC-D24794C06ACF}.Debug|iPhoneSimulator.ActiveCfg = Debug|Any CPU
		{0E4B8CD8-E0EB-4B83-8DAC-D24794C06ACF}.Debug|iPhoneSimulator.Build.0 = Debug|Any CPU
		{0E4B8CD8-E0EB-4B83-8DAC-D24794C06ACF}.Release|iPhoneSimulator.ActiveCfg = Release|Any CPU
		{0E4B8CD8-E0EB-4B83-8DAC-D24794C06ACF}.Release|iPhoneSimulator.Build.0 = Release|Any CPU
		{0E4B8CD8-E0EB-4B83-8DAC-D24794C06ACF}.Debug|iPhone.ActiveCfg = Debug|Any CPU
		{0E4B8CD8-E0EB-4B83-8DAC-D24794C06ACF}.Debug|iPhone.Build.0 = Debug|Any CPU
		{0E4B8CD8-E0EB-4B83-8DAC-D24794C06ACF}.Release|iPhone.ActiveCfg = Release|Any CPU
		{0E4B8CD8-E0EB-4B83-8DAC-D24794C06ACF}.Release|iPhone.Build.0 = Release|Any CPU
		{7FAC4550-17AD-4BE5-B0F5-661D4132A2C8}.Debug|Any CPU.ActiveCfg = Debug|iPhoneSimulator
		{7FAC4550-17AD-4BE5-B0F5-661D4132A2C8}.Debug|Any CPU.Build.0 = Debug|iPhoneSimulator
		{7FAC4550-17AD-4BE5-B0F5-661D4132A2C8}.Release|Any CPU.ActiveCfg = Release|iPhoneSimulator
		{7FAC4550-17AD-4BE5-B0F5-661D4132A2C8}.Release|Any CPU.Build.0 = Release|iPhoneSimulator
		{7FAC4550-17AD-4BE5-B0F5-661D4132A2C8}.Debug|iPhoneSimulator.ActiveCfg = Debug|iPhoneSimulator
		{7FAC4550-17AD-4BE5-B0F5-661D4132A2C8}.Debug|iPhoneSimulator.Build.0 = Debug|iPhoneSimulator
		{7FAC4550-17AD-4BE5-B0F5-661D4132A2C8}.Release|iPhoneSimulator.ActiveCfg = Release|iPhoneSimulator
		{7FAC4550-17AD-4BE5-B0F5-661D4132A2C8}.Release|iPhoneSimulator.Build.0 = Release|iPhoneSimulator
		{7FAC4550-17AD-4BE5-B0F5-661D4132A2C8}.Debug|iPhone.ActiveCfg = Debug|iPhone
		{7FAC4550-17AD-4BE5-B0F5-661D4132A2C8}.Debug|iPhone.Build.0 = Debug|iPhone
		{7FAC4550-17AD-4BE5-B0F5-661D4132A2C8}.Release|iPhone.ActiveCfg = Release|iPhone
		{7FAC4550-17AD-4BE5-B0F5-661D4132A2C8}.Release|iPhone.Build.0 = Release|iPhone
	EndGlobalSection
	GlobalSection(MonoDevelopProperties) = preSolution
		Policies = $0
		$0.DotNetNamingPolicy = $1
		$0.StandardHeader = $2
		version = 1.0.0
	EndGlobalSection
EndGlobal
